
Microsoft Visual Studio Solution File, Format Version 12.00
# Visual Studio Version 16
VisualStudioVersion = 16.0.31515.178
MinimumVisualStudioVersion = 10.0.40219.1
Project("{9A19103F-16F7-4668-BE54-9A1E7A4F7556}") = "FindMultiplyNum", "FindMultiplyNum\FindMultiplyNum.csproj", "{C4B428FA-F1E0-4ABB-9A74-62B7634B68F7}"
EndProject
Project("{9A19103F-16F7-4668-BE54-9A1E7A4F7556}") = "Algorithms", "Algorithms\Algorithms.csproj", "{BAB079F3-37D2-4848-80FA-9F41C1C64E3F}"
EndProject
Project("{9A19103F-16F7-4668-BE54-9A1E7A4F7556}") = "Test", "Test\Test.csproj", "{586B6470-3D82-4BBB-9FF4-315ADCDCAD34}"
EndProject
Global
	GlobalSection(SolutionConfigurationPlatforms) = preSolution
		Debug|Any CPU = Debug|Any CPU
		Release|Any CPU = Release|Any CPU
	EndGlobalSection
	GlobalSection(ProjectConfigurationPlatforms) = postSolution
		{C4B428FA-F1E0-4ABB-9A74-62B7634B68F7}.Debug|Any CPU.ActiveCfg = Debug|Any CPU
		{C4B428FA-F1E0-4ABB-9A74-62B7634B68F7}.Debug|Any CPU.Build.0 = Debug|Any CPU
		{C4B428FA-F1E0-4ABB-9A74-62B7634B68F7}.Release|Any CPU.ActiveCfg = Release|Any CPU
		{C4B428FA-F1E0-4ABB-9A74-62B7634B68F7}.Release|Any CPU.Build.0 = Release|Any CPU
		{BAB079F3-37D2-4848-80FA-9F41C1C64E3F}.Debug|Any CPU.ActiveCfg = Debug|Any CPU
		{BAB079F3-37D2-4848-80FA-9F41C1C64E3F}.Debug|Any CPU.Build.0 = Debug|Any CPU
		{BAB079F3-37D2-4848-80FA-9F41C1C64E3F}.Release|Any CPU.ActiveCfg = Release|Any CPU
		{BAB079F3-37D2-4848-80FA-9F41C1C64E3F}.Release|Any CPU.Build.0 = Release|Any CPU
		{586B6470-3D82-4BBB-9FF4-315ADCDCAD34}.Debug|Any CPU.ActiveCfg = Debug|Any CPU
		{586B6470-3D82-4BBB-9FF4-315ADCDCAD34}.Debug|Any CPU.Build.0 = Debug|Any CPU
		{586B6470-3D82-4BBB-9FF4-315ADCDCAD34}.Release|Any CPU.ActiveCfg = Release|Any CPU
		{586B6470-3D82-4BBB-9FF4-315ADCDCAD34}.Release|Any CPU.Build.0 = Release|Any CPU
	EndGlobalSection
	GlobalSection(SolutionProperties) = preSolution
		HideSolutionNode = FALSE
	EndGlobalSection
	GlobalSection(ExtensibilityGlobals) = postSolution
		SolutionGuid = {F956E7DB-2395-4F31-897F-C6938F897F32}
	EndGlobalSection
EndGlobal
