
Microsoft Visual Studio Solution File, Format Version 12.00
# Visual Studio Version 16
VisualStudioVersion = 16.0.31515.178
MinimumVisualStudioVersion = 10.0.40219.1
Project("{FAE04EC0-301F-11D3-BF4B-00C04F79EFBC}") = "Algoritm Deikstra", "Algoritm Deikstra\Algoritm Deikstra.csproj", "{353B91EB-DCC2-4189-B515-39DF92422A41}"
EndProject
Project("{FAE04EC0-301F-11D3-BF4B-00C04F79EFBC}") = "Graph Library", "Graph\Graph Library.csproj", "{B4C4A6B6-260F-4156-8B75-52214E9F2F01}"
EndProject
Global
	GlobalSection(SolutionConfigurationPlatforms) = preSolution
		Debug|Any CPU = Debug|Any CPU
		Release|Any CPU = Release|Any CPU
	EndGlobalSection
	GlobalSection(ProjectConfigurationPlatforms) = postSolution
		{353B91EB-DCC2-4189-B515-39DF92422A41}.Debug|Any CPU.ActiveCfg = Debug|Any CPU
		{353B91EB-DCC2-4189-B515-39DF92422A41}.Debug|Any CPU.Build.0 = Debug|Any CPU
		{353B91EB-DCC2-4189-B515-39DF92422A41}.Release|Any CPU.ActiveCfg = Release|Any CPU
		{353B91EB-DCC2-4189-B515-39DF92422A41}.Release|Any CPU.Build.0 = Release|Any CPU
		{B4C4A6B6-260F-4156-8B75-52214E9F2F01}.Debug|Any CPU.ActiveCfg = Debug|Any CPU
		{B4C4A6B6-260F-4156-8B75-52214E9F2F01}.Debug|Any CPU.Build.0 = Debug|Any CPU
		{B4C4A6B6-260F-4156-8B75-52214E9F2F01}.Release|Any CPU.ActiveCfg = Release|Any CPU
		{B4C4A6B6-260F-4156-8B75-52214E9F2F01}.Release|Any CPU.Build.0 = Release|Any CPU
	EndGlobalSection
	GlobalSection(SolutionProperties) = preSolution
		HideSolutionNode = FALSE
	EndGlobalSection
	GlobalSection(ExtensibilityGlobals) = postSolution
		SolutionGuid = {191D1FD1-8448-4C34-AA4F-E50F38C28910}
	EndGlobalSection
EndGlobal
